// !$*UTF8*$!
{
	archiveVersion = 1;
	classes = {
	};
	objectVersion = 63;
	objects = {

/* Begin PBXBuildFile section */
		1AF4CBEA2E493923007529CC /* LaunchScreen.storyboard in Resources */ = {isa = PBXBuildFile; fileRef = 1AF4CBE92E493923007529CC /* LaunchScreen.storyboard */; };
		1AFE150F2E49490700EEA85C /* FastingPlan.swift in Sources */ = {isa = PBXBuildFile; fileRef = 1AFE14F42E49490700EEA85C /* FastingPlan.swift */; };
		1AFE15102E49490700EEA85C /* FastSession.swift in Sources */ = {isa = PBXBuildFile; fileRef = 1AFE14F52E49490700EEA85C /* FastSession.swift */; };
		1AFE15112E49490700EEA85C /* LocalNotify.swift in Sources */ = {isa = PBXBuildFile; fileRef = 1AFE14F72E49490700EEA85C /* LocalNotify.swift */; };
		1AFE15122E49490700EEA85C /* Persistence.swift in Sources */ = {isa = PBXBuildFile; fileRef = 1AFE14F82E49490700EEA85C /* Persistence.swift */; };
		1AFE15132E49490700EEA85C /* FastingViewModel.swift in Sources */ = {isa = PBXBuildFile; fileRef = 1AFE14FA2E49490700EEA85C /* FastingViewModel.swift */; };
		1AFE15142E49490700EEA85C /* ProgressRing.swift in Sources */ = {isa = PBXBuildFile; fileRef = 1AFE14FC2E49490700EEA85C /* ProgressRing.swift */; };
		1AFE15152E49490700EEA85C /* HistoryView.swift in Sources */ = {isa = PBXBuildFile; fileRef = 1AFE14FE2E49490700EEA85C /* HistoryView.swift */; };
		1AFE15162E49490700EEA85C /* HomeView.swift in Sources */ = {isa = PBXBuildFile; fileRef = 1AFE15002E49490700EEA85C /* HomeView.swift */; };
		1AFE15172E49490700EEA85C /* OnboardingView.swift in Sources */ = {isa = PBXBuildFile; fileRef = 1AFE15022E49490700EEA85C /* OnboardingView.swift */; };
		1AFE15182E49490700EEA85C /* RootView.swift in Sources */ = {isa = PBXBuildFile; fileRef = 1AFE15042E49490700EEA85C /* RootView.swift */; };
		1AFE15192E49490700EEA85C /* SettingsView.swift in Sources */ = {isa = PBXBuildFile; fileRef = 1AFE15062E49490700EEA85C /* SettingsView.swift */; };
		1AFE151A2E49490700EEA85C /* WatchViews.swift in Sources */ = {isa = PBXBuildFile; fileRef = 1AFE15082E49490700EEA85C /* WatchViews.swift */; };
		1AFE151B2E49490700EEA85C /* FastingAppApp.swift in Sources */ = {isa = PBXBuildFile; fileRef = 1AFE150D2E49490700EEA85C /* FastingAppApp.swift */; };
		1AFE151C2E49490700EEA85C /* Assets.xcassets in Resources */ = {isa = PBXBuildFile; fileRef = 1AFE150B2E49490700EEA85C /* Assets.xcassets */; };
                1AFE151F2E49490C00EEA85C /* FastingAppTests.swift in Sources */ = {isa = PBXBuildFile; fileRef = 1AFE151D2E49490C00EEA85C /* FastingAppTests.swift */; };
                5913702217BB4CD687ACDCED /* DateFormattingTests.swift in Sources */ = {isa = PBXBuildFile; fileRef = 42DD561CCF1E45CF8DD4C363 /* DateFormattingTests.swift */; };
                1AFE15232E49491100EEA85C /* FastingAppUITests.swift in Sources */ = {isa = PBXBuildFile; fileRef = 1AFE15202E49491100EEA85C /* FastingAppUITests.swift */; };
                1AFE15242E49491100EEA85C /* FastingAppUITestsLaunchTests.swift in Sources */ = {isa = PBXBuildFile; fileRef = 1AFE15212E49491100EEA85C /* FastingAppUITestsLaunchTests.swift */; };
/* End PBXBuildFile section */

/* Begin PBXContainerItemProxy section */
		1AF4CB832E4905A1007529CC /* PBXContainerItemProxy */ = {
			isa = PBXContainerItemProxy;
			containerPortal = 1AF4CB6C2E49059D007529CC /* Project object */;
			proxyType = 1;
			remoteGlobalIDString = 1AF4CB732E49059D007529CC;
			remoteInfo = FastingApp;
		};
		1AF4CB8D2E4905A1007529CC /* PBXContainerItemProxy */ = {
			isa = PBXContainerItemProxy;
			containerPortal = 1AF4CB6C2E49059D007529CC /* Project object */;
			proxyType = 1;
			remoteGlobalIDString = 1AF4CB732E49059D007529CC;
			remoteInfo = FastingApp;
		};
/* End PBXContainerItemProxy section */

/* Begin PBXFileReference section */
		1AF4CB742E49059D007529CC /* FastingApp.app */ = {isa = PBXFileReference; explicitFileType = wrapper.application; includeInIndex = 0; path = FastingApp.app; sourceTree = BUILT_PRODUCTS_DIR; };
		1AF4CB822E4905A1007529CC /* FastingAppTests.xctest */ = {isa = PBXFileReference; explicitFileType = wrapper.cfbundle; includeInIndex = 0; path = FastingAppTests.xctest; sourceTree = BUILT_PRODUCTS_DIR; };
		1AF4CB8C2E4905A1007529CC /* FastingAppUITests.xctest */ = {isa = PBXFileReference; explicitFileType = wrapper.cfbundle; includeInIndex = 0; path = FastingAppUITests.xctest; sourceTree = BUILT_PRODUCTS_DIR; };
		1AF4CBE92E493923007529CC /* LaunchScreen.storyboard */ = {isa = PBXFileReference; lastKnownFileType = file.storyboard; path = LaunchScreen.storyboard; sourceTree = "<group>"; };
		1AFE14F42E49490700EEA85C /* FastingPlan.swift */ = {isa = PBXFileReference; lastKnownFileType = sourcecode.swift; path = FastingPlan.swift; sourceTree = "<group>"; };
		1AFE14F52E49490700EEA85C /* FastSession.swift */ = {isa = PBXFileReference; lastKnownFileType = sourcecode.swift; path = FastSession.swift; sourceTree = "<group>"; };
		1AFE14F72E49490700EEA85C /* LocalNotify.swift */ = {isa = PBXFileReference; lastKnownFileType = sourcecode.swift; path = LocalNotify.swift; sourceTree = "<group>"; };
		1AFE14F82E49490700EEA85C /* Persistence.swift */ = {isa = PBXFileReference; lastKnownFileType = sourcecode.swift; path = Persistence.swift; sourceTree = "<group>"; };
		1AFE14FA2E49490700EEA85C /* FastingViewModel.swift */ = {isa = PBXFileReference; lastKnownFileType = sourcecode.swift; path = FastingViewModel.swift; sourceTree = "<group>"; };
		1AFE14FC2E49490700EEA85C /* ProgressRing.swift */ = {isa = PBXFileReference; lastKnownFileType = sourcecode.swift; path = ProgressRing.swift; sourceTree = "<group>"; };
		1AFE14FE2E49490700EEA85C /* HistoryView.swift */ = {isa = PBXFileReference; lastKnownFileType = sourcecode.swift; path = HistoryView.swift; sourceTree = "<group>"; };
		1AFE15002E49490700EEA85C /* HomeView.swift */ = {isa = PBXFileReference; lastKnownFileType = sourcecode.swift; path = HomeView.swift; sourceTree = "<group>"; };
		1AFE15022E49490700EEA85C /* OnboardingView.swift */ = {isa = PBXFileReference; lastKnownFileType = sourcecode.swift; path = OnboardingView.swift; sourceTree = "<group>"; };
		1AFE15042E49490700EEA85C /* RootView.swift */ = {isa = PBXFileReference; lastKnownFileType = sourcecode.swift; path = RootView.swift; sourceTree = "<group>"; };
		1AFE15062E49490700EEA85C /* SettingsView.swift */ = {isa = PBXFileReference; lastKnownFileType = sourcecode.swift; path = SettingsView.swift; sourceTree = "<group>"; };
		1AFE15082E49490700EEA85C /* WatchViews.swift */ = {isa = PBXFileReference; lastKnownFileType = sourcecode.swift; path = WatchViews.swift; sourceTree = "<group>"; };
		1AFE150B2E49490700EEA85C /* Assets.xcassets */ = {isa = PBXFileReference; lastKnownFileType = folder.assetcatalog; path = Assets.xcassets; sourceTree = "<group>"; };
		1AFE150C2E49490700EEA85C /* FastingApp.entitlements */ = {isa = PBXFileReference; lastKnownFileType = text.plist.entitlements; path = FastingApp.entitlements; sourceTree = "<group>"; };
		1AFE150D2E49490700EEA85C /* FastingAppApp.swift */ = {isa = PBXFileReference; lastKnownFileType = sourcecode.swift; path = FastingAppApp.swift; sourceTree = "<group>"; };
                1AFE151D2E49490C00EEA85C /* FastingAppTests.swift */ = {isa = PBXFileReference; lastKnownFileType = sourcecode.swift; path = FastingAppTests.swift; sourceTree = "<group>"; };
                42DD561CCF1E45CF8DD4C363 /* DateFormattingTests.swift */ = {isa = PBXFileReference; lastKnownFileType = sourcecode.swift; path = DateFormattingTests.swift; sourceTree = "<group>"; };
                1AFE15202E49491100EEA85C /* FastingAppUITests.swift */ = {isa = PBXFileReference; lastKnownFileType = sourcecode.swift; path = FastingAppUITests.swift; sourceTree = "<group>"; };
		1AFE15212E49491100EEA85C /* FastingAppUITestsLaunchTests.swift */ = {isa = PBXFileReference; lastKnownFileType = sourcecode.swift; path = FastingAppUITestsLaunchTests.swift; sourceTree = "<group>"; };
/* End PBXFileReference section */

/* Begin PBXFrameworksBuildPhase section */
		1AF4CB712E49059D007529CC /* Frameworks */ = {
			isa = PBXFrameworksBuildPhase;
			buildActionMask = 2147483647;
			files = (
			);
			runOnlyForDeploymentPostprocessing = 0;
		};
		1AF4CB7F2E4905A1007529CC /* Frameworks */ = {
			isa = PBXFrameworksBuildPhase;
			buildActionMask = 2147483647;
			files = (
			);
			runOnlyForDeploymentPostprocessing = 0;
		};
		1AF4CB892E4905A1007529CC /* Frameworks */ = {
			isa = PBXFrameworksBuildPhase;
			buildActionMask = 2147483647;
			files = (
			);
			runOnlyForDeploymentPostprocessing = 0;
		};
/* End PBXFrameworksBuildPhase section */

/* Begin PBXGroup section */
		1AF4CB6B2E49059D007529CC = {
			isa = PBXGroup;
			children = (
				1AF4CBE92E493923007529CC /* LaunchScreen.storyboard */,
				1AFE150E2E49490700EEA85C /* FastingApp */,
				1AFE151E2E49490C00EEA85C /* FastingAppTests */,
				1AFE15222E49491100EEA85C /* FastingAppUITests */,
				1AF4CB752E49059D007529CC /* Products */,
			);
			sourceTree = "<group>";
		};
		1AF4CB752E49059D007529CC /* Products */ = {
			isa = PBXGroup;
			children = (
				1AF4CB742E49059D007529CC /* FastingApp.app */,
				1AF4CB822E4905A1007529CC /* FastingAppTests.xctest */,
				1AF4CB8C2E4905A1007529CC /* FastingAppUITests.xctest */,
			);
			name = Products;
			sourceTree = "<group>";
		};
		1AFE14F62E49490700EEA85C /* Models */ = {
			isa = PBXGroup;
			children = (
				1AFE14F42E49490700EEA85C /* FastingPlan.swift */,
				1AFE14F52E49490700EEA85C /* FastSession.swift */,
			);
			path = Models;
			sourceTree = "<group>";
		};
		1AFE14F92E49490700EEA85C /* Utilities */ = {
			isa = PBXGroup;
			children = (
				1AFE14F72E49490700EEA85C /* LocalNotify.swift */,
				1AFE14F82E49490700EEA85C /* Persistence.swift */,
			);
			path = Utilities;
			sourceTree = "<group>";
		};
		1AFE14FB2E49490700EEA85C /* ViewModels */ = {
			isa = PBXGroup;
			children = (
				1AFE14FA2E49490700EEA85C /* FastingViewModel.swift */,
			);
			path = ViewModels;
			sourceTree = "<group>";
		};
		1AFE14FD2E49490700EEA85C /* Components */ = {
			isa = PBXGroup;
			children = (
				1AFE14FC2E49490700EEA85C /* ProgressRing.swift */,
			);
			path = Components;
			sourceTree = "<group>";
		};
		1AFE14FF2E49490700EEA85C /* History */ = {
			isa = PBXGroup;
			children = (
				1AFE14FE2E49490700EEA85C /* HistoryView.swift */,
			);
			path = History;
			sourceTree = "<group>";
		};
		1AFE15012E49490700EEA85C /* Home */ = {
			isa = PBXGroup;
			children = (
				1AFE15002E49490700EEA85C /* HomeView.swift */,
			);
			path = Home;
			sourceTree = "<group>";
		};
		1AFE15032E49490700EEA85C /* Onboarding */ = {
			isa = PBXGroup;
			children = (
				1AFE15022E49490700EEA85C /* OnboardingView.swift */,
			);
			path = Onboarding;
			sourceTree = "<group>";
		};
		1AFE15052E49490700EEA85C /* Root */ = {
			isa = PBXGroup;
			children = (
				1AFE15042E49490700EEA85C /* RootView.swift */,
			);
			path = Root;
			sourceTree = "<group>";
		};
		1AFE15072E49490700EEA85C /* Settings */ = {
			isa = PBXGroup;
			children = (
				1AFE15062E49490700EEA85C /* SettingsView.swift */,
			);
			path = Settings;
			sourceTree = "<group>";
		};
		1AFE15092E49490700EEA85C /* Watch */ = {
			isa = PBXGroup;
			children = (
				1AFE15082E49490700EEA85C /* WatchViews.swift */,
			);
			path = Watch;
			sourceTree = "<group>";
		};
		1AFE150A2E49490700EEA85C /* Views */ = {
			isa = PBXGroup;
			children = (
				1AFE14FD2E49490700EEA85C /* Components */,
				1AFE14FF2E49490700EEA85C /* History */,
				1AFE15012E49490700EEA85C /* Home */,
				1AFE15032E49490700EEA85C /* Onboarding */,
				1AFE15052E49490700EEA85C /* Root */,
				1AFE15072E49490700EEA85C /* Settings */,
				1AFE15092E49490700EEA85C /* Watch */,
			);
			path = Views;
			sourceTree = "<group>";
		};
		1AFE150E2E49490700EEA85C /* FastingApp */ = {
			isa = PBXGroup;
			children = (
				1AFE14F62E49490700EEA85C /* Models */,
				1AFE14F92E49490700EEA85C /* Utilities */,
				1AFE14FB2E49490700EEA85C /* ViewModels */,
				1AFE150A2E49490700EEA85C /* Views */,
				1AFE150B2E49490700EEA85C /* Assets.xcassets */,
				1AFE150C2E49490700EEA85C /* FastingApp.entitlements */,
				1AFE150D2E49490700EEA85C /* FastingAppApp.swift */,
			);
			path = FastingApp;
			sourceTree = "<group>";
		};
                1AFE151E2E49490C00EEA85C /* FastingAppTests */ = {
                        isa = PBXGroup;
                        children = (
                                1AFE151D2E49490C00EEA85C /* FastingAppTests.swift */,
                                42DD561CCF1E45CF8DD4C363 /* DateFormattingTests.swift */,
                        );
                        path = FastingAppTests;
                        sourceTree = "<group>";
                };
		1AFE15222E49491100EEA85C /* FastingAppUITests */ = {
			isa = PBXGroup;
			children = (
				1AFE15202E49491100EEA85C /* FastingAppUITests.swift */,
				1AFE15212E49491100EEA85C /* FastingAppUITestsLaunchTests.swift */,
			);
			path = FastingAppUITests;
			sourceTree = "<group>";
		};
/* End PBXGroup section */

/* Begin PBXNativeTarget section */
		1AF4CB732E49059D007529CC /* FastingApp */ = {
			isa = PBXNativeTarget;
			buildConfigurationList = 1AF4CB962E4905A1007529CC /* Build configuration list for PBXNativeTarget "FastingApp" */;
			buildPhases = (
				1AF4CB702E49059D007529CC /* Sources */,
				1AF4CB712E49059D007529CC /* Frameworks */,
				1AF4CB722E49059D007529CC /* Resources */,
			);
			buildRules = (
			);
			dependencies = (
			);
			name = FastingApp;
			packageProductDependencies = (
			);
			productName = FastingApp;
			productReference = 1AF4CB742E49059D007529CC /* FastingApp.app */;
			productType = "com.apple.product-type.application";
		};
		1AF4CB812E4905A1007529CC /* FastingAppTests */ = {
			isa = PBXNativeTarget;
			buildConfigurationList = 1AF4CB992E4905A1007529CC /* Build configuration list for PBXNativeTarget "FastingAppTests" */;
			buildPhases = (
				1AF4CB7E2E4905A1007529CC /* Sources */,
				1AF4CB7F2E4905A1007529CC /* Frameworks */,
				1AF4CB802E4905A1007529CC /* Resources */,
			);
			buildRules = (
			);
			dependencies = (
				1AF4CB842E4905A1007529CC /* PBXTargetDependency */,
			);
			name = FastingAppTests;
			packageProductDependencies = (
			);
			productName = FastingAppTests;
			productReference = 1AF4CB822E4905A1007529CC /* FastingAppTests.xctest */;
			productType = "com.apple.product-type.bundle.unit-test";
		};
		1AF4CB8B2E4905A1007529CC /* FastingAppUITests */ = {
			isa = PBXNativeTarget;
			buildConfigurationList = 1AF4CB9C2E4905A1007529CC /* Build configuration list for PBXNativeTarget "FastingAppUITests" */;
			buildPhases = (
				1AF4CB882E4905A1007529CC /* Sources */,
				1AF4CB892E4905A1007529CC /* Frameworks */,
				1AF4CB8A2E4905A1007529CC /* Resources */,
			);
			buildRules = (
			);
			dependencies = (
				1AF4CB8E2E4905A1007529CC /* PBXTargetDependency */,
			);
			name = FastingAppUITests;
			packageProductDependencies = (
			);
			productName = FastingAppUITests;
			productReference = 1AF4CB8C2E4905A1007529CC /* FastingAppUITests.xctest */;
			productType = "com.apple.product-type.bundle.ui-testing";
		};
/* End PBXNativeTarget section */

/* Begin PBXProject section */
		1AF4CB6C2E49059D007529CC /* Project object */ = {
			isa = PBXProject;
			attributes = {
				BuildIndependentTargetsInParallel = 1;
				LastSwiftUpdateCheck = 1640;
				LastUpgradeCheck = 1640;
				TargetAttributes = {
					1AF4CB732E49059D007529CC = {
						CreatedOnToolsVersion = 16.4;
					};
					1AF4CB812E4905A1007529CC = {
						CreatedOnToolsVersion = 16.4;
						TestTargetID = 1AF4CB732E49059D007529CC;
					};
					1AF4CB8B2E4905A1007529CC = {
						CreatedOnToolsVersion = 16.4;
						TestTargetID = 1AF4CB732E49059D007529CC;
					};
				};
			};
			buildConfigurationList = 1AF4CB6F2E49059D007529CC /* Build configuration list for PBXProject "FastingApp" */;
			compatibilityVersion = "Xcode 14.0";
			developmentRegion = en;
			hasScannedForEncodings = 0;
			knownRegions = (
				en,
				Base,
			);
			mainGroup = 1AF4CB6B2E49059D007529CC;
			minimizedProjectReferenceProxies = 1;
			productRefGroup = 1AF4CB752E49059D007529CC /* Products */;
			projectDirPath = "";
			projectRoot = "";
			targets = (
				1AF4CB732E49059D007529CC /* FastingApp */,
				1AF4CB812E4905A1007529CC /* FastingAppTests */,
				1AF4CB8B2E4905A1007529CC /* FastingAppUITests */,
			);
		};
/* End PBXProject section */

/* Begin PBXResourcesBuildPhase section */
		1AF4CB722E49059D007529CC /* Resources */ = {
			isa = PBXResourcesBuildPhase;
			buildActionMask = 2147483647;
			files = (
				1AFE151C2E49490700EEA85C /* Assets.xcassets in Resources */,
				1AF4CBEA2E493923007529CC /* LaunchScreen.storyboard in Resources */,
			);
			runOnlyForDeploymentPostprocessing = 0;
		};
		1AF4CB802E4905A1007529CC /* Resources */ = {
			isa = PBXResourcesBuildPhase;
			buildActionMask = 2147483647;
			files = (
			);
			runOnlyForDeploymentPostprocessing = 0;
		};
		1AF4CB8A2E4905A1007529CC /* Resources */ = {
			isa = PBXResourcesBuildPhase;
			buildActionMask = 2147483647;
			files = (
			);
			runOnlyForDeploymentPostprocessing = 0;
		};
/* End PBXResourcesBuildPhase section */

/* Begin PBXSourcesBuildPhase section */
		1AF4CB702E49059D007529CC /* Sources */ = {
			isa = PBXSourcesBuildPhase;
			buildActionMask = 2147483647;
			files = (
				1AFE150F2E49490700EEA85C /* FastingPlan.swift in Sources */,
				1AFE15102E49490700EEA85C /* FastSession.swift in Sources */,
				1AFE15112E49490700EEA85C /* LocalNotify.swift in Sources */,
				1AFE15122E49490700EEA85C /* Persistence.swift in Sources */,
				1AFE15132E49490700EEA85C /* FastingViewModel.swift in Sources */,
				1AFE15142E49490700EEA85C /* ProgressRing.swift in Sources */,
				1AFE15152E49490700EEA85C /* HistoryView.swift in Sources */,
				1AFE15162E49490700EEA85C /* HomeView.swift in Sources */,
				1AFE15172E49490700EEA85C /* OnboardingView.swift in Sources */,
				1AFE15182E49490700EEA85C /* RootView.swift in Sources */,
				1AFE15192E49490700EEA85C /* SettingsView.swift in Sources */,
				1AFE151A2E49490700EEA85C /* WatchViews.swift in Sources */,
				1AFE151B2E49490700EEA85C /* FastingAppApp.swift in Sources */,
			);
			runOnlyForDeploymentPostprocessing = 0;
		};
                1AF4CB7E2E4905A1007529CC /* Sources */ = {
                        isa = PBXSourcesBuildPhase;
                        buildActionMask = 2147483647;
                        files = (
                                1AFE151F2E49490C00EEA85C /* FastingAppTests.swift in Sources */,
                                5913702217BB4CD687ACDCED /* DateFormattingTests.swift in Sources */,
                        );
                        runOnlyForDeploymentPostprocessing = 0;
                };
		1AF4CB882E4905A1007529CC /* Sources */ = {
			isa = PBXSourcesBuildPhase;
			buildActionMask = 2147483647;
			files = (
				1AFE15232E49491100EEA85C /* FastingAppUITests.swift in Sources */,
				1AFE15242E49491100EEA85C /* FastingAppUITestsLaunchTests.swift in Sources */,
			);
			runOnlyForDeploymentPostprocessing = 0;
		};
/* End PBXSourcesBuildPhase section */

/* Begin PBXTargetDependency section */
		1AF4CB842E4905A1007529CC /* PBXTargetDependency */ = {
			isa = PBXTargetDependency;
			target = 1AF4CB732E49059D007529CC /* FastingApp */;
			targetProxy = 1AF4CB832E4905A1007529CC /* PBXContainerItemProxy */;
		};
		1AF4CB8E2E4905A1007529CC /* PBXTargetDependency */ = {
			isa = PBXTargetDependency;
			target = 1AF4CB732E49059D007529CC /* FastingApp */;
			targetProxy = 1AF4CB8D2E4905A1007529CC /* PBXContainerItemProxy */;
		};
/* End PBXTargetDependency section */

/* Begin XCBuildConfiguration section */
		1AF4CB942E4905A1007529CC /* Debug */ = {
			isa = XCBuildConfiguration;
			buildSettings = {
				ALWAYS_SEARCH_USER_PATHS = NO;
				ASSETCATALOG_COMPILER_GENERATE_SWIFT_ASSET_SYMBOL_EXTENSIONS = YES;
				CLANG_ANALYZER_NONNULL = YES;
				CLANG_ANALYZER_NUMBER_OBJECT_CONVERSION = YES_AGGRESSIVE;
				CLANG_CXX_LANGUAGE_STANDARD = "gnu++20";
				CLANG_ENABLE_MODULES = YES;
				CLANG_ENABLE_OBJC_ARC = YES;
				CLANG_ENABLE_OBJC_WEAK = YES;
				CLANG_WARN_BLOCK_CAPTURE_AUTORELEASING = YES;
				CLANG_WARN_BOOL_CONVERSION = YES;
				CLANG_WARN_COMMA = YES;
				CLANG_WARN_CONSTANT_CONVERSION = YES;
				CLANG_WARN_DEPRECATED_OBJC_IMPLEMENTATIONS = YES;
				CLANG_WARN_DIRECT_OBJC_ISA_USAGE = YES_ERROR;
				CLANG_WARN_DOCUMENTATION_COMMENTS = YES;
				CLANG_WARN_EMPTY_BODY = YES;
				CLANG_WARN_ENUM_CONVERSION = YES;
				CLANG_WARN_INFINITE_RECURSION = YES;
				CLANG_WARN_INT_CONVERSION = YES;
				CLANG_WARN_NON_LITERAL_NULL_CONVERSION = YES;
				CLANG_WARN_OBJC_IMPLICIT_RETAIN_SELF = YES;
				CLANG_WARN_OBJC_LITERAL_CONVERSION = YES;
				CLANG_WARN_OBJC_ROOT_CLASS = YES_ERROR;
				CLANG_WARN_QUOTED_INCLUDE_IN_FRAMEWORK_HEADER = YES;
				CLANG_WARN_RANGE_LOOP_ANALYSIS = YES;
				CLANG_WARN_STRICT_PROTOTYPES = YES;
				CLANG_WARN_SUSPICIOUS_MOVE = YES;
				CLANG_WARN_UNGUARDED_AVAILABILITY = YES_AGGRESSIVE;
				CLANG_WARN_UNREACHABLE_CODE = YES;
				CLANG_WARN__DUPLICATE_METHOD_MATCH = YES;
				COPY_PHASE_STRIP = NO;
				DEBUG_INFORMATION_FORMAT = dwarf;
				DEVELOPMENT_TEAM = X33N9249RZ;
				ENABLE_STRICT_OBJC_MSGSEND = YES;
				ENABLE_TESTABILITY = YES;
				ENABLE_USER_SCRIPT_SANDBOXING = YES;
				GCC_C_LANGUAGE_STANDARD = gnu17;
				GCC_DYNAMIC_NO_PIC = NO;
				GCC_NO_COMMON_BLOCKS = YES;
				GCC_OPTIMIZATION_LEVEL = 0;
				GCC_PREPROCESSOR_DEFINITIONS = (
					"DEBUG=1",
					"$(inherited)",
				);
				GCC_WARN_64_TO_32_BIT_CONVERSION = YES;
				GCC_WARN_ABOUT_RETURN_TYPE = YES_ERROR;
				GCC_WARN_UNDECLARED_SELECTOR = YES;
				GCC_WARN_UNINITIALIZED_AUTOS = YES_AGGRESSIVE;
				GCC_WARN_UNUSED_FUNCTION = YES;
				GCC_WARN_UNUSED_VARIABLE = YES;
				LOCALIZATION_PREFERS_STRING_CATALOGS = YES;
				MTL_ENABLE_DEBUG_INFO = INCLUDE_SOURCE;
				MTL_FAST_MATH = YES;
				ONLY_ACTIVE_ARCH = YES;
				SUPPORTED_PLATFORMS = "iphonesimulator iphoneos";
				SWIFT_ACTIVE_COMPILATION_CONDITIONS = "DEBUG $(inherited)";
				SWIFT_OPTIMIZATION_LEVEL = "-Onone";
			};
			name = Debug;
		};
		1AF4CB952E4905A1007529CC /* Release */ = {
			isa = XCBuildConfiguration;
			buildSettings = {
				ALWAYS_SEARCH_USER_PATHS = NO;
				ASSETCATALOG_COMPILER_GENERATE_SWIFT_ASSET_SYMBOL_EXTENSIONS = YES;
				CLANG_ANALYZER_NONNULL = YES;
				CLANG_ANALYZER_NUMBER_OBJECT_CONVERSION = YES_AGGRESSIVE;
				CLANG_CXX_LANGUAGE_STANDARD = "gnu++20";
				CLANG_ENABLE_MODULES = YES;
				CLANG_ENABLE_OBJC_ARC = YES;
				CLANG_ENABLE_OBJC_WEAK = YES;
				CLANG_WARN_BLOCK_CAPTURE_AUTORELEASING = YES;
				CLANG_WARN_BOOL_CONVERSION = YES;
				CLANG_WARN_COMMA = YES;
				CLANG_WARN_CONSTANT_CONVERSION = YES;
				CLANG_WARN_DEPRECATED_OBJC_IMPLEMENTATIONS = YES;
				CLANG_WARN_DIRECT_OBJC_ISA_USAGE = YES_ERROR;
				CLANG_WARN_DOCUMENTATION_COMMENTS = YES;
				CLANG_WARN_EMPTY_BODY = YES;
				CLANG_WARN_ENUM_CONVERSION = YES;
				CLANG_WARN_INFINITE_RECURSION = YES;
				CLANG_WARN_INT_CONVERSION = YES;
				CLANG_WARN_NON_LITERAL_NULL_CONVERSION = YES;
				CLANG_WARN_OBJC_IMPLICIT_RETAIN_SELF = YES;
				CLANG_WARN_OBJC_LITERAL_CONVERSION = YES;
				CLANG_WARN_OBJC_ROOT_CLASS = YES_ERROR;
				CLANG_WARN_QUOTED_INCLUDE_IN_FRAMEWORK_HEADER = YES;
				CLANG_WARN_RANGE_LOOP_ANALYSIS = YES;
				CLANG_WARN_STRICT_PROTOTYPES = YES;
				CLANG_WARN_SUSPICIOUS_MOVE = YES;
				CLANG_WARN_UNGUARDED_AVAILABILITY = YES_AGGRESSIVE;
				CLANG_WARN_UNREACHABLE_CODE = YES;
				CLANG_WARN__DUPLICATE_METHOD_MATCH = YES;
				COPY_PHASE_STRIP = NO;
				DEBUG_INFORMATION_FORMAT = "dwarf-with-dsym";
				DEVELOPMENT_TEAM = X33N9249RZ;
				ENABLE_NS_ASSERTIONS = NO;
				ENABLE_STRICT_OBJC_MSGSEND = YES;
				ENABLE_USER_SCRIPT_SANDBOXING = YES;
				GCC_C_LANGUAGE_STANDARD = gnu17;
				GCC_NO_COMMON_BLOCKS = YES;
				GCC_WARN_64_TO_32_BIT_CONVERSION = YES;
				GCC_WARN_ABOUT_RETURN_TYPE = YES_ERROR;
				GCC_WARN_UNDECLARED_SELECTOR = YES;
				GCC_WARN_UNINITIALIZED_AUTOS = YES_AGGRESSIVE;
				GCC_WARN_UNUSED_FUNCTION = YES;
				GCC_WARN_UNUSED_VARIABLE = YES;
				LOCALIZATION_PREFERS_STRING_CATALOGS = YES;
				MTL_ENABLE_DEBUG_INFO = NO;
				MTL_FAST_MATH = YES;
				SUPPORTED_PLATFORMS = "iphonesimulator iphoneos";
				SWIFT_COMPILATION_MODE = wholemodule;
			};
			name = Release;
		};
		1AF4CB972E4905A1007529CC /* Debug */ = {
			isa = XCBuildConfiguration;
			buildSettings = {
				ASSETCATALOG_COMPILER_APPICON_NAME = AppIcon;
				ASSETCATALOG_COMPILER_GLOBAL_ACCENT_COLOR_NAME = AccentColor;
				CODE_SIGN_ENTITLEMENTS = FastingApp/FastingApp.entitlements;
				CODE_SIGN_STYLE = Automatic;
				CURRENT_PROJECT_VERSION = 1;
				DEVELOPMENT_TEAM = X33N9249RZ;
				ENABLE_HARDENED_RUNTIME = YES;
				ENABLE_PREVIEWS = YES;
				GENERATE_INFOPLIST_FILE = YES;
				"INFOPLIST_KEY_UIApplicationSceneManifest_Generation[sdk=iphoneos*]" = YES;
				"INFOPLIST_KEY_UIApplicationSceneManifest_Generation[sdk=iphonesimulator*]" = YES;
				"INFOPLIST_KEY_UIApplicationSupportsIndirectInputEvents[sdk=iphoneos*]" = YES;
				"INFOPLIST_KEY_UIApplicationSupportsIndirectInputEvents[sdk=iphonesimulator*]" = YES;
				"INFOPLIST_KEY_UILaunchScreen_Generation[sdk=iphoneos*]" = YES;
				"INFOPLIST_KEY_UILaunchScreen_Generation[sdk=iphonesimulator*]" = YES;
				"INFOPLIST_KEY_UIStatusBarStyle[sdk=iphoneos*]" = UIStatusBarStyleDefault;
				"INFOPLIST_KEY_UIStatusBarStyle[sdk=iphonesimulator*]" = UIStatusBarStyleDefault;
				INFOPLIST_KEY_UISupportedInterfaceOrientations_iPad = "UIInterfaceOrientationPortrait UIInterfaceOrientationPortraitUpsideDown UIInterfaceOrientationLandscapeLeft UIInterfaceOrientationLandscapeRight";
				INFOPLIST_KEY_UISupportedInterfaceOrientations_iPhone = "UIInterfaceOrientationPortrait UIInterfaceOrientationLandscapeLeft UIInterfaceOrientationLandscapeRight";
				IPHONEOS_DEPLOYMENT_TARGET = 17.0;
				LD_RUNPATH_SEARCH_PATHS = "@executable_path/Frameworks";
				"LD_RUNPATH_SEARCH_PATHS[sdk=macosx*]" = "@executable_path/../Frameworks";
				MACOSX_DEPLOYMENT_TARGET = 15.4;
				MARKETING_VERSION = 1.0;
				PRODUCT_BUNDLE_IDENTIFIER = com.dmytrogolub.FastingApp;
				PRODUCT_NAME = "$(TARGET_NAME)";
				REGISTER_APP_GROUPS = YES;
				SDKROOT = auto;
				SUPPORTED_PLATFORMS = "iphoneos iphonesimulator";
				SUPPORTS_MACCATALYST = NO;
				SWIFT_EMIT_LOC_STRINGS = YES;
				SWIFT_VERSION = 5.0;
				TARGETED_DEVICE_FAMILY = "1,2";
				XROS_DEPLOYMENT_TARGET = 2.5;
			};
			name = Debug;
		};
		1AF4CB982E4905A1007529CC /* Release */ = {
			isa = XCBuildConfiguration;
			buildSettings = {
				ASSETCATALOG_COMPILER_APPICON_NAME = AppIcon;
				ASSETCATALOG_COMPILER_GLOBAL_ACCENT_COLOR_NAME = AccentColor;
				CODE_SIGN_ENTITLEMENTS = FastingApp/FastingApp.entitlements;
				CODE_SIGN_STYLE = Automatic;
				CURRENT_PROJECT_VERSION = 1;
				DEVELOPMENT_TEAM = X33N9249RZ;
				ENABLE_HARDENED_RUNTIME = YES;
				ENABLE_PREVIEWS = YES;
				GENERATE_INFOPLIST_FILE = YES;
				"INFOPLIST_KEY_UIApplicationSceneManifest_Generation[sdk=iphoneos*]" = YES;
				"INFOPLIST_KEY_UIApplicationSceneManifest_Generation[sdk=iphonesimulator*]" = YES;
				"INFOPLIST_KEY_UIApplicationSupportsIndirectInputEvents[sdk=iphoneos*]" = YES;
				"INFOPLIST_KEY_UIApplicationSupportsIndirectInputEvents[sdk=iphonesimulator*]" = YES;
				"INFOPLIST_KEY_UILaunchScreen_Generation[sdk=iphoneos*]" = YES;
				"INFOPLIST_KEY_UILaunchScreen_Generation[sdk=iphonesimulator*]" = YES;
				"INFOPLIST_KEY_UIStatusBarStyle[sdk=iphoneos*]" = UIStatusBarStyleDefault;
				"INFOPLIST_KEY_UIStatusBarStyle[sdk=iphonesimulator*]" = UIStatusBarStyleDefault;
				INFOPLIST_KEY_UISupportedInterfaceOrientations_iPad = "UIInterfaceOrientationPortrait UIInterfaceOrientationPortraitUpsideDown UIInterfaceOrientationLandscapeLeft UIInterfaceOrientationLandscapeRight";
				INFOPLIST_KEY_UISupportedInterfaceOrientations_iPhone = "UIInterfaceOrientationPortrait UIInterfaceOrientationLandscapeLeft UIInterfaceOrientationLandscapeRight";
				IPHONEOS_DEPLOYMENT_TARGET = 17.0;
				LD_RUNPATH_SEARCH_PATHS = "@executable_path/Frameworks";
				"LD_RUNPATH_SEARCH_PATHS[sdk=macosx*]" = "@executable_path/../Frameworks";
				MACOSX_DEPLOYMENT_TARGET = 15.4;
				MARKETING_VERSION = 1.0;
				PRODUCT_BUNDLE_IDENTIFIER = com.dmytrogolub.FastingApp;
				PRODUCT_NAME = "$(TARGET_NAME)";
				REGISTER_APP_GROUPS = YES;
				SDKROOT = auto;
				SUPPORTED_PLATFORMS = "iphoneos iphonesimulator";
				SUPPORTS_MACCATALYST = NO;
				SWIFT_EMIT_LOC_STRINGS = YES;
				SWIFT_VERSION = 5.0;
				TARGETED_DEVICE_FAMILY = "1,2";
				XROS_DEPLOYMENT_TARGET = 2.5;
			};
			name = Release;
		};
		1AF4CB9A2E4905A1007529CC /* Debug */ = {
			isa = XCBuildConfiguration;
			buildSettings = {
				BUNDLE_LOADER = "$(TEST_HOST)";
				CODE_SIGN_STYLE = Automatic;
				CURRENT_PROJECT_VERSION = 1;
				DEVELOPMENT_TEAM = X33N9249RZ;
				GENERATE_INFOPLIST_FILE = YES;
				IPHONEOS_DEPLOYMENT_TARGET = 17.6;
				MACOSX_DEPLOYMENT_TARGET = 15.4;
				MARKETING_VERSION = 1.0;
				PRODUCT_BUNDLE_IDENTIFIER = com.dmytrogolub.FastingAppTests;
				PRODUCT_NAME = "$(TARGET_NAME)";
				SDKROOT = auto;
				SUPPORTED_PLATFORMS = "iphonesimulator iphoneos";
				SWIFT_EMIT_LOC_STRINGS = NO;
				SWIFT_VERSION = 5.0;
				TARGETED_DEVICE_FAMILY = "1,2,7";
				TEST_HOST = "$(BUILT_PRODUCTS_DIR)/FastingApp.app/$(BUNDLE_EXECUTABLE_FOLDER_PATH)/FastingApp";
				XROS_DEPLOYMENT_TARGET = 2.5;
			};
			name = Debug;
		};
		1AF4CB9B2E4905A1007529CC /* Release */ = {
			isa = XCBuildConfiguration;
			buildSettings = {
				BUNDLE_LOADER = "$(TEST_HOST)";
				CODE_SIGN_STYLE = Automatic;
				CURRENT_PROJECT_VERSION = 1;
				DEVELOPMENT_TEAM = X33N9249RZ;
				GENERATE_INFOPLIST_FILE = YES;
				IPHONEOS_DEPLOYMENT_TARGET = 17.6;
				MACOSX_DEPLOYMENT_TARGET = 15.4;
				MARKETING_VERSION = 1.0;
				PRODUCT_BUNDLE_IDENTIFIER = com.dmytrogolub.FastingAppTests;
				PRODUCT_NAME = "$(TARGET_NAME)";
				SDKROOT = auto;
				SUPPORTED_PLATFORMS = "iphonesimulator iphoneos";
				SWIFT_EMIT_LOC_STRINGS = NO;
				SWIFT_VERSION = 5.0;
				TARGETED_DEVICE_FAMILY = "1,2,7";
				TEST_HOST = "$(BUILT_PRODUCTS_DIR)/FastingApp.app/$(BUNDLE_EXECUTABLE_FOLDER_PATH)/FastingApp";
				XROS_DEPLOYMENT_TARGET = 2.5;
			};
			name = Release;
		};
		1AF4CB9D2E4905A1007529CC /* Debug */ = {
			isa = XCBuildConfiguration;
			buildSettings = {
				CODE_SIGN_STYLE = Automatic;
				CURRENT_PROJECT_VERSION = 1;
				DEVELOPMENT_TEAM = X33N9249RZ;
				GENERATE_INFOPLIST_FILE = YES;
				IPHONEOS_DEPLOYMENT_TARGET = 17.6;
				MACOSX_DEPLOYMENT_TARGET = 15.4;
				MARKETING_VERSION = 1.0;
				PRODUCT_BUNDLE_IDENTIFIER = com.dmytrogolub.FastingAppUITests;
				PRODUCT_NAME = "$(TARGET_NAME)";
				SDKROOT = auto;
				SUPPORTED_PLATFORMS = "iphonesimulator iphoneos";
				SWIFT_EMIT_LOC_STRINGS = NO;
				SWIFT_VERSION = 5.0;
				TARGETED_DEVICE_FAMILY = "1,2,7";
				TEST_TARGET_NAME = FastingApp;
				XROS_DEPLOYMENT_TARGET = 2.5;
			};
			name = Debug;
		};
		1AF4CB9E2E4905A1007529CC /* Release */ = {
			isa = XCBuildConfiguration;
			buildSettings = {
				CODE_SIGN_STYLE = Automatic;
				CURRENT_PROJECT_VERSION = 1;
				DEVELOPMENT_TEAM = X33N9249RZ;
				GENERATE_INFOPLIST_FILE = YES;
				IPHONEOS_DEPLOYMENT_TARGET = 17.6;
				MACOSX_DEPLOYMENT_TARGET = 15.4;
				MARKETING_VERSION = 1.0;
				PRODUCT_BUNDLE_IDENTIFIER = com.dmytrogolub.FastingAppUITests;
				PRODUCT_NAME = "$(TARGET_NAME)";
				SDKROOT = auto;
				SUPPORTED_PLATFORMS = "iphonesimulator iphoneos";
				SWIFT_EMIT_LOC_STRINGS = NO;
				SWIFT_VERSION = 5.0;
				TARGETED_DEVICE_FAMILY = "1,2,7";
				TEST_TARGET_NAME = FastingApp;
				XROS_DEPLOYMENT_TARGET = 2.5;
			};
			name = Release;
		};
/* End XCBuildConfiguration section */

/* Begin XCConfigurationList section */
		1AF4CB6F2E49059D007529CC /* Build configuration list for PBXProject "FastingApp" */ = {
			isa = XCConfigurationList;
			buildConfigurations = (
				1AF4CB942E4905A1007529CC /* Debug */,
				1AF4CB952E4905A1007529CC /* Release */,
			);
			defaultConfigurationIsVisible = 0;
			defaultConfigurationName = Release;
		};
		1AF4CB962E4905A1007529CC /* Build configuration list for PBXNativeTarget "FastingApp" */ = {
			isa = XCConfigurationList;
			buildConfigurations = (
				1AF4CB972E4905A1007529CC /* Debug */,
				1AF4CB982E4905A1007529CC /* Release */,
			);
			defaultConfigurationIsVisible = 0;
			defaultConfigurationName = Release;
		};
		1AF4CB992E4905A1007529CC /* Build configuration list for PBXNativeTarget "FastingAppTests" */ = {
			isa = XCConfigurationList;
			buildConfigurations = (
				1AF4CB9A2E4905A1007529CC /* Debug */,
				1AF4CB9B2E4905A1007529CC /* Release */,
			);
			defaultConfigurationIsVisible = 0;
			defaultConfigurationName = Release;
		};
		1AF4CB9C2E4905A1007529CC /* Build configuration list for PBXNativeTarget "FastingAppUITests" */ = {
			isa = XCConfigurationList;
			buildConfigurations = (
				1AF4CB9D2E4905A1007529CC /* Debug */,
				1AF4CB9E2E4905A1007529CC /* Release */,
			);
			defaultConfigurationIsVisible = 0;
			defaultConfigurationName = Release;
		};
/* End XCConfigurationList section */
	};
	rootObject = 1AF4CB6C2E49059D007529CC /* Project object */;
}
